// !$*UTF8*$!
{
	archiveVersion = 1;
	classes = {
	};
	objectVersion = 46;
	objects = {

/* Begin PBXBuildFile section */
		5B7D36C722D45DE600EA0546 /* SearchItemsViewControllerTests.m in Sources */ = {isa = PBXBuildFile; fileRef = 5B7D36C622D45DE600EA0546 /* SearchItemsViewControllerTests.m */; };
		5BEF479222D3992D00D35599 /* FormatterTests.m in Sources */ = {isa = PBXBuildFile; fileRef = 5BEF479122D3992D00D35599 /* FormatterTests.m */; };
		5BEF479C22D3B0F100D35599 /* MLCSearchItemsService.m in Sources */ = {isa = PBXBuildFile; fileRef = 5BEF479422D3B0F100D35599 /* MLCSearchItemsService.m */; };
		5BEF479D22D3B0F100D35599 /* MLCItemParser.m in Sources */ = {isa = PBXBuildFile; fileRef = 5BEF479722D3B0F100D35599 /* MLCItemParser.m */; };
		5BEF479E22D3B0F100D35599 /* MLCItemsListParser.m in Sources */ = {isa = PBXBuildFile; fileRef = 5BEF479922D3B0F100D35599 /* MLCItemsListParser.m */; };
		5BEF479F22D3B0F100D35599 /* MLCSellerParser.m in Sources */ = {isa = PBXBuildFile; fileRef = 5BEF479B22D3B0F100D35599 /* MLCSellerParser.m */; };
		5BEF47A422D3B3F700D35599 /* MLCItemDetailService.m in Sources */ = {isa = PBXBuildFile; fileRef = 5BEF47A122D3B3F700D35599 /* MLCItemDetailService.m */; };
		5BEF47A522D3B3F700D35599 /* MLCItemDetailParser.m in Sources */ = {isa = PBXBuildFile; fileRef = 5BEF47A222D3B3F700D35599 /* MLCItemDetailParser.m */; };
		5BEF47AF22D3D86B00D35599 /* ValidItem.plist in Resources */ = {isa = PBXBuildFile; fileRef = 5BEF47AE22D3D86B00D35599 /* ValidItem.plist */; };
		5BEF47B122D3D8A800D35599 /* InvalidItem.plist in Resources */ = {isa = PBXBuildFile; fileRef = 5BEF47B022D3D8A800D35599 /* InvalidItem.plist */; };
		5BEF47B522D3D93B00D35599 /* ValidItemDetail.plist in Resources */ = {isa = PBXBuildFile; fileRef = 5BEF47B422D3D93B00D35599 /* ValidItemDetail.plist */; };
		5BEF47B722D3D95C00D35599 /* InvalidItemDetail.plist in Resources */ = {isa = PBXBuildFile; fileRef = 5BEF47B622D3D95C00D35599 /* InvalidItemDetail.plist */; };
		5BEF47BB22D3DA0400D35599 /* InvalidJSONData.json in Resources */ = {isa = PBXBuildFile; fileRef = 5BEF47BA22D3DA0400D35599 /* InvalidJSONData.json */; };
		5BEF47BD22D3DA3B00D35599 /* ValidJSONData.json in Resources */ = {isa = PBXBuildFile; fileRef = 5BEF47BC22D3DA3B00D35599 /* ValidJSONData.json */; };
		5BEF47C522D3E05B00D35599 /* ParserTests.m in Sources */ = {isa = PBXBuildFile; fileRef = 5BEF47C422D3E05B00D35599 /* ParserTests.m */; };
		5BEF47C722D3FA2A00D35599 /* InvalidSeller.plist in Resources */ = {isa = PBXBuildFile; fileRef = 5BEF47C622D3FA2A00D35599 /* InvalidSeller.plist */; };
		5BEF47C922D3FA4A00D35599 /* ValidSeller.plist in Resources */ = {isa = PBXBuildFile; fileRef = 5BEF47C822D3FA4A00D35599 /* ValidSeller.plist */; };
		5BEF47CD22D40F9600D35599 /* SearchItemsServiceTests.m in Sources */ = {isa = PBXBuildFile; fileRef = 5BEF47CC22D40F9600D35599 /* SearchItemsServiceTests.m */; };
		5BEF47CF22D436E100D35599 /* ItemsListParserTests.m in Sources */ = {isa = PBXBuildFile; fileRef = 5BEF47CE22D436E100D35599 /* ItemsListParserTests.m */; };
		5BEF47D122D43D3300D35599 /* ItemsListsParserPerfomanceTests.m in Sources */ = {isa = PBXBuildFile; fileRef = 5BEF47D022D43D3300D35599 /* ItemsListsParserPerfomanceTests.m */; };
		5BEF47D422D446E900D35599 /* UIViewController+MLCCategory.m in Sources */ = {isa = PBXBuildFile; fileRef = 5BEF47D222D446E900D35599 /* UIViewController+MLCCategory.m */; };
		5BEF47D922D4475A00D35599 /* MLCSearchItemsViewController.m in Sources */ = {isa = PBXBuildFile; fileRef = 5BEF47D522D4475A00D35599 /* MLCSearchItemsViewController.m */; };
		5BEF47DA22D4475A00D35599 /* MLCItemsTableViewDataSource.m in Sources */ = {isa = PBXBuildFile; fileRef = 5BEF47D622D4475A00D35599 /* MLCItemsTableViewDataSource.m */; };
		5BEF47DD22D447CF00D35599 /* MLCItemDetailViewController.m in Sources */ = {isa = PBXBuildFile; fileRef = 5BEF47DB22D447CF00D35599 /* MLCItemDetailViewController.m */; };
		5BF95F9B22D2CCDD0048A062 /* main.m in Sources */ = {isa = PBXBuildFile; fileRef = 5BF95F9A22D2CCDD0048A062 /* main.m */; };
		5BF95F9E22D2CCDD0048A062 /* AppDelegate.m in Sources */ = {isa = PBXBuildFile; fileRef = 5BF95F9D22D2CCDD0048A062 /* AppDelegate.m */; };
		5BF95FA122D2CCDD0048A062 /* ViewController.m in Sources */ = {isa = PBXBuildFile; fileRef = 5BF95FA022D2CCDD0048A062 /* ViewController.m */; };
		5BF95FA422D2CCDD0048A062 /* Main.storyboard in Resources */ = {isa = PBXBuildFile; fileRef = 5BF95FA222D2CCDD0048A062 /* Main.storyboard */; };
		5BF95FA622D2CCDD0048A062 /* Assets.xcassets in Resources */ = {isa = PBXBuildFile; fileRef = 5BF95FA522D2CCDD0048A062 /* Assets.xcassets */; };
		5BF95FA922D2CCDD0048A062 /* LaunchScreen.storyboard in Resources */ = {isa = PBXBuildFile; fileRef = 5BF95FA722D2CCDD0048A062 /* LaunchScreen.storyboard */; };
		5BF95FBF22D2CCDE0048A062 /* MeliCandidateUITests.m in Sources */ = {isa = PBXBuildFile; fileRef = 5BF95FBE22D2CCDE0048A062 /* MeliCandidateUITests.m */; };
		5BF95FCD22D2E4AC0048A062 /* README in Resources */ = {isa = PBXBuildFile; fileRef = 5BF95FCC22D2E4AC0048A062 /* README */; };
		5BF95FE522D2F3CF0048A062 /* MLCItemTableViewCell.xib in Resources */ = {isa = PBXBuildFile; fileRef = 5BF95FE322D2F3CF0048A062 /* MLCItemTableViewCell.xib */; };
		5BF95FEC22D300D70048A062 /* MLCItem.m in Sources */ = {isa = PBXBuildFile; fileRef = 5BF95FE722D300D70048A062 /* MLCItem.m */; };
		5BF95FED22D300D70048A062 /* MLCSeller.m in Sources */ = {isa = PBXBuildFile; fileRef = 5BF95FEA22D300D70048A062 /* MLCSeller.m */; };
		5BF95FEE22D300D70048A062 /* MLCLocation.m in Sources */ = {isa = PBXBuildFile; fileRef = 5BF95FEB22D300D70048A062 /* MLCLocation.m */; };
		5BF95FF122D3015B0048A062 /* MLCConstants.m in Sources */ = {isa = PBXBuildFile; fileRef = 5BF95FEF22D3015B0048A062 /* MLCConstants.m */; };
		5BF95FF622D307A40048A062 /* MLCQuantityFormatter.m in Sources */ = {isa = PBXBuildFile; fileRef = 5BF95FF422D307A40048A062 /* MLCQuantityFormatter.m */; };
		5BF95FF722D307A40048A062 /* MLCPriceFormatter.m in Sources */ = {isa = PBXBuildFile; fileRef = 5BF95FF522D307A40048A062 /* MLCPriceFormatter.m */; };
		5BF95FFA22D308030048A062 /* MLCItemTableViewCell.m in Sources */ = {isa = PBXBuildFile; fileRef = 5BF95FF922D308030048A062 /* MLCItemTableViewCell.m */; };
		5BF95FFC22D3141A0048A062 /* ItemTests.m in Sources */ = {isa = PBXBuildFile; fileRef = 5BF95FFB22D3141A0048A062 /* ItemTests.m */; };
		5BF95FFE22D3223B0048A062 /* SellerTests.m in Sources */ = {isa = PBXBuildFile; fileRef = 5BF95FFD22D3223B0048A062 /* SellerTests.m */; };
		5BF9600022D325C00048A062 /* LocationTests.m in Sources */ = {isa = PBXBuildFile; fileRef = 5BF95FFF22D325C00048A062 /* LocationTests.m */; };
/* End PBXBuildFile section */

/* Begin PBXContainerItemProxy section */
		5BF95FB022D2CCDE0048A062 /* PBXContainerItemProxy */ = {
			isa = PBXContainerItemProxy;
			containerPortal = 5BF95F8E22D2CCDD0048A062 /* Project object */;
			proxyType = 1;
			remoteGlobalIDString = 5BF95F9522D2CCDD0048A062;
			remoteInfo = MeliCandidate;
		};
		5BF95FBB22D2CCDE0048A062 /* PBXContainerItemProxy */ = {
			isa = PBXContainerItemProxy;
			containerPortal = 5BF95F8E22D2CCDD0048A062 /* Project object */;
			proxyType = 1;
			remoteGlobalIDString = 5BF95F9522D2CCDD0048A062;
			remoteInfo = MeliCandidate;
		};
/* End PBXContainerItemProxy section */

/* Begin PBXFileReference section */
		5B7D36C622D45DE600EA0546 /* SearchItemsViewControllerTests.m */ = {isa = PBXFileReference; fileEncoding = 4; lastKnownFileType = sourcecode.c.objc; path = SearchItemsViewControllerTests.m; sourceTree = "<group>"; };
		5BEF479122D3992D00D35599 /* FormatterTests.m */ = {isa = PBXFileReference; fileEncoding = 4; lastKnownFileType = sourcecode.c.objc; path = FormatterTests.m; sourceTree = "<group>"; };
		5BEF479322D3B0F000D35599 /* MLCSearchItemsService.h */ = {isa = PBXFileReference; fileEncoding = 4; lastKnownFileType = sourcecode.c.h; lineEnding = 0; path = MLCSearchItemsService.h; sourceTree = "<group>"; xcLanguageSpecificationIdentifier = xcode.lang.objcpp; };
		5BEF479422D3B0F100D35599 /* MLCSearchItemsService.m */ = {isa = PBXFileReference; fileEncoding = 4; lastKnownFileType = sourcecode.c.objc; lineEnding = 0; path = MLCSearchItemsService.m; sourceTree = "<group>"; xcLanguageSpecificationIdentifier = xcode.lang.objc; };
		5BEF479622D3B0F100D35599 /* MLCItemParser.h */ = {isa = PBXFileReference; fileEncoding = 4; lastKnownFileType = sourcecode.c.h; lineEnding = 0; path = MLCItemParser.h; sourceTree = "<group>"; xcLanguageSpecificationIdentifier = xcode.lang.objcpp; };
		5BEF479722D3B0F100D35599 /* MLCItemParser.m */ = {isa = PBXFileReference; fileEncoding = 4; lastKnownFileType = sourcecode.c.objc; lineEnding = 0; path = MLCItemParser.m; sourceTree = "<group>"; xcLanguageSpecificationIdentifier = xcode.lang.objc; };
		5BEF479822D3B0F100D35599 /* MLCItemsListParser.h */ = {isa = PBXFileReference; fileEncoding = 4; lastKnownFileType = sourcecode.c.h; lineEnding = 0; path = MLCItemsListParser.h; sourceTree = "<group>"; xcLanguageSpecificationIdentifier = xcode.lang.objcpp; };
		5BEF479922D3B0F100D35599 /* MLCItemsListParser.m */ = {isa = PBXFileReference; fileEncoding = 4; lastKnownFileType = sourcecode.c.objc; lineEnding = 0; path = MLCItemsListParser.m; sourceTree = "<group>"; xcLanguageSpecificationIdentifier = xcode.lang.objc; };
		5BEF479A22D3B0F100D35599 /* MLCSellerParser.h */ = {isa = PBXFileReference; fileEncoding = 4; lastKnownFileType = sourcecode.c.h; lineEnding = 0; path = MLCSellerParser.h; sourceTree = "<group>"; xcLanguageSpecificationIdentifier = xcode.lang.objcpp; };
		5BEF479B22D3B0F100D35599 /* MLCSellerParser.m */ = {isa = PBXFileReference; fileEncoding = 4; lastKnownFileType = sourcecode.c.objc; lineEnding = 0; path = MLCSellerParser.m; sourceTree = "<group>"; xcLanguageSpecificationIdentifier = xcode.lang.objc; };
		5BEF47A022D3B3F700D35599 /* MLCItemDetailService.h */ = {isa = PBXFileReference; fileEncoding = 4; lastKnownFileType = sourcecode.c.h; lineEnding = 0; path = MLCItemDetailService.h; sourceTree = "<group>"; xcLanguageSpecificationIdentifier = xcode.lang.objcpp; };
		5BEF47A122D3B3F700D35599 /* MLCItemDetailService.m */ = {isa = PBXFileReference; fileEncoding = 4; lastKnownFileType = sourcecode.c.objc; lineEnding = 0; path = MLCItemDetailService.m; sourceTree = "<group>"; xcLanguageSpecificationIdentifier = xcode.lang.objc; };
		5BEF47A222D3B3F700D35599 /* MLCItemDetailParser.m */ = {isa = PBXFileReference; fileEncoding = 4; lastKnownFileType = sourcecode.c.objc; lineEnding = 0; path = MLCItemDetailParser.m; sourceTree = "<group>"; xcLanguageSpecificationIdentifier = xcode.lang.objc; };
		5BEF47A322D3B3F700D35599 /* MLCItemDetailParser.h */ = {isa = PBXFileReference; fileEncoding = 4; lastKnownFileType = sourcecode.c.h; lineEnding = 0; path = MLCItemDetailParser.h; sourceTree = "<group>"; xcLanguageSpecificationIdentifier = xcode.lang.objcpp; };
		5BEF47AE22D3D86B00D35599 /* ValidItem.plist */ = {isa = PBXFileReference; fileEncoding = 4; lastKnownFileType = text.plist.xml; path = ValidItem.plist; sourceTree = "<group>"; };
		5BEF47B022D3D8A800D35599 /* InvalidItem.plist */ = {isa = PBXFileReference; fileEncoding = 4; lastKnownFileType = text.plist.xml; path = InvalidItem.plist; sourceTree = "<group>"; };
		5BEF47B422D3D93B00D35599 /* ValidItemDetail.plist */ = {isa = PBXFileReference; fileEncoding = 4; lastKnownFileType = text.plist.xml; path = ValidItemDetail.plist; sourceTree = "<group>"; };
		5BEF47B622D3D95C00D35599 /* InvalidItemDetail.plist */ = {isa = PBXFileReference; fileEncoding = 4; lastKnownFileType = text.plist.xml; path = InvalidItemDetail.plist; sourceTree = "<group>"; };
		5BEF47BA22D3DA0400D35599 /* InvalidJSONData.json */ = {isa = PBXFileReference; fileEncoding = 4; lastKnownFileType = text.json; path = InvalidJSONData.json; sourceTree = "<group>"; };
		5BEF47BC22D3DA3B00D35599 /* ValidJSONData.json */ = {isa = PBXFileReference; fileEncoding = 4; lastKnownFileType = text.json; path = ValidJSONData.json; sourceTree = "<group>"; };
		5BEF47C422D3E05B00D35599 /* ParserTests.m */ = {isa = PBXFileReference; fileEncoding = 4; lastKnownFileType = sourcecode.c.objc; path = ParserTests.m; sourceTree = "<group>"; };
		5BEF47C622D3FA2A00D35599 /* InvalidSeller.plist */ = {isa = PBXFileReference; fileEncoding = 4; lastKnownFileType = text.plist.xml; path = InvalidSeller.plist; sourceTree = "<group>"; };
		5BEF47C822D3FA4A00D35599 /* ValidSeller.plist */ = {isa = PBXFileReference; fileEncoding = 4; lastKnownFileType = text.plist.xml; path = ValidSeller.plist; sourceTree = "<group>"; };
		5BEF47CC22D40F9600D35599 /* SearchItemsServiceTests.m */ = {isa = PBXFileReference; fileEncoding = 4; lastKnownFileType = sourcecode.c.objc; path = SearchItemsServiceTests.m; sourceTree = "<group>"; };
		5BEF47CE22D436E100D35599 /* ItemsListParserTests.m */ = {isa = PBXFileReference; fileEncoding = 4; lastKnownFileType = sourcecode.c.objc; path = ItemsListParserTests.m; sourceTree = "<group>"; };
		5BEF47D022D43D3300D35599 /* ItemsListsParserPerfomanceTests.m */ = {isa = PBXFileReference; fileEncoding = 4; lastKnownFileType = sourcecode.c.objc; path = ItemsListsParserPerfomanceTests.m; sourceTree = "<group>"; };
		5BEF47D222D446E900D35599 /* UIViewController+MLCCategory.m */ = {isa = PBXFileReference; fileEncoding = 4; lastKnownFileType = sourcecode.c.objc; lineEnding = 0; path = "UIViewController+MLCCategory.m"; sourceTree = "<group>"; xcLanguageSpecificationIdentifier = xcode.lang.objc; };
		5BEF47D322D446E900D35599 /* UIViewController+MLCCategory.h */ = {isa = PBXFileReference; fileEncoding = 4; lastKnownFileType = sourcecode.c.h; lineEnding = 0; path = "UIViewController+MLCCategory.h"; sourceTree = "<group>"; xcLanguageSpecificationIdentifier = xcode.lang.objcpp; };
		5BEF47D522D4475A00D35599 /* MLCSearchItemsViewController.m */ = {isa = PBXFileReference; fileEncoding = 4; lastKnownFileType = sourcecode.c.objc; lineEnding = 0; path = MLCSearchItemsViewController.m; sourceTree = "<group>"; xcLanguageSpecificationIdentifier = xcode.lang.objc; };
		5BEF47D622D4475A00D35599 /* MLCItemsTableViewDataSource.m */ = {isa = PBXFileReference; fileEncoding = 4; lastKnownFileType = sourcecode.c.objc; lineEnding = 0; path = MLCItemsTableViewDataSource.m; sourceTree = "<group>"; xcLanguageSpecificationIdentifier = xcode.lang.objc; };
		5BEF47D722D4475A00D35599 /* MLCSearchItemsViewController.h */ = {isa = PBXFileReference; fileEncoding = 4; lastKnownFileType = sourcecode.c.h; lineEnding = 0; path = MLCSearchItemsViewController.h; sourceTree = "<group>"; xcLanguageSpecificationIdentifier = xcode.lang.objcpp; };
		5BEF47D822D4475A00D35599 /* MLCItemsTableViewDataSource.h */ = {isa = PBXFileReference; fileEncoding = 4; lastKnownFileType = sourcecode.c.h; lineEnding = 0; path = MLCItemsTableViewDataSource.h; sourceTree = "<group>"; xcLanguageSpecificationIdentifier = xcode.lang.objcpp; };
		5BEF47DB22D447CF00D35599 /* MLCItemDetailViewController.m */ = {isa = PBXFileReference; fileEncoding = 4; lastKnownFileType = sourcecode.c.objc; lineEnding = 0; path = MLCItemDetailViewController.m; sourceTree = "<group>"; xcLanguageSpecificationIdentifier = xcode.lang.objc; };
		5BEF47DC22D447CF00D35599 /* MLCItemDetailViewController.h */ = {isa = PBXFileReference; fileEncoding = 4; lastKnownFileType = sourcecode.c.h; lineEnding = 0; path = MLCItemDetailViewController.h; sourceTree = "<group>"; xcLanguageSpecificationIdentifier = xcode.lang.objcpp; };
		5BF95F9622D2CCDD0048A062 /* MeliCandidate.app */ = {isa = PBXFileReference; explicitFileType = wrapper.application; includeInIndex = 0; path = MeliCandidate.app; sourceTree = BUILT_PRODUCTS_DIR; };
		5BF95F9A22D2CCDD0048A062 /* main.m */ = {isa = PBXFileReference; lastKnownFileType = sourcecode.c.objc; path = main.m; sourceTree = "<group>"; };
		5BF95F9C22D2CCDD0048A062 /* AppDelegate.h */ = {isa = PBXFileReference; lastKnownFileType = sourcecode.c.h; path = AppDelegate.h; sourceTree = "<group>"; };
		5BF95F9D22D2CCDD0048A062 /* AppDelegate.m */ = {isa = PBXFileReference; lastKnownFileType = sourcecode.c.objc; path = AppDelegate.m; sourceTree = "<group>"; };
		5BF95F9F22D2CCDD0048A062 /* ViewController.h */ = {isa = PBXFileReference; lastKnownFileType = sourcecode.c.h; path = ViewController.h; sourceTree = "<group>"; };
		5BF95FA022D2CCDD0048A062 /* ViewController.m */ = {isa = PBXFileReference; lastKnownFileType = sourcecode.c.objc; path = ViewController.m; sourceTree = "<group>"; };
		5BF95FA322D2CCDD0048A062 /* Base */ = {isa = PBXFileReference; lastKnownFileType = file.storyboard; name = Base; path = Base.lproj/Main.storyboard; sourceTree = "<group>"; };
		5BF95FA522D2CCDD0048A062 /* Assets.xcassets */ = {isa = PBXFileReference; lastKnownFileType = folder.assetcatalog; path = Assets.xcassets; sourceTree = "<group>"; };
		5BF95FA822D2CCDD0048A062 /* Base */ = {isa = PBXFileReference; lastKnownFileType = file.storyboard; name = Base; path = Base.lproj/LaunchScreen.storyboard; sourceTree = "<group>"; };
		5BF95FAA22D2CCDD0048A062 /* Info.plist */ = {isa = PBXFileReference; lastKnownFileType = text.plist.xml; path = Info.plist; sourceTree = "<group>"; };
		5BF95FAF22D2CCDE0048A062 /* MeliCandidateTests.xctest */ = {isa = PBXFileReference; explicitFileType = wrapper.cfbundle; includeInIndex = 0; path = MeliCandidateTests.xctest; sourceTree = BUILT_PRODUCTS_DIR; };
		5BF95FB522D2CCDE0048A062 /* Info.plist */ = {isa = PBXFileReference; lastKnownFileType = text.plist.xml; path = Info.plist; sourceTree = "<group>"; };
		5BF95FBA22D2CCDE0048A062 /* MeliCandidateUITests.xctest */ = {isa = PBXFileReference; explicitFileType = wrapper.cfbundle; includeInIndex = 0; path = MeliCandidateUITests.xctest; sourceTree = BUILT_PRODUCTS_DIR; };
		5BF95FBE22D2CCDE0048A062 /* MeliCandidateUITests.m */ = {isa = PBXFileReference; lastKnownFileType = sourcecode.c.objc; path = MeliCandidateUITests.m; sourceTree = "<group>"; };
		5BF95FC022D2CCDE0048A062 /* Info.plist */ = {isa = PBXFileReference; lastKnownFileType = text.plist.xml; path = Info.plist; sourceTree = "<group>"; };
		5BF95FCC22D2E4AC0048A062 /* README */ = {isa = PBXFileReference; fileEncoding = 4; lastKnownFileType = text; path = README; sourceTree = "<group>"; };
		5BF95FE422D2F3CF0048A062 /* Base */ = {isa = PBXFileReference; lastKnownFileType = file.xib; name = Base; path = Base.lproj/MLCItemTableViewCell.xib; sourceTree = "<group>"; };
		5BF95FE622D300D70048A062 /* MLCItem.h */ = {isa = PBXFileReference; fileEncoding = 4; lastKnownFileType = sourcecode.c.h; path = MLCItem.h; sourceTree = "<group>"; };
		5BF95FE722D300D70048A062 /* MLCItem.m */ = {isa = PBXFileReference; fileEncoding = 4; lastKnownFileType = sourcecode.c.objc; path = MLCItem.m; sourceTree = "<group>"; };
		5BF95FE822D300D70048A062 /* MLCSeller.h */ = {isa = PBXFileReference; fileEncoding = 4; lastKnownFileType = sourcecode.c.h; path = MLCSeller.h; sourceTree = "<group>"; };
		5BF95FE922D300D70048A062 /* MLCLocation.h */ = {isa = PBXFileReference; fileEncoding = 4; lastKnownFileType = sourcecode.c.h; path = MLCLocation.h; sourceTree = "<group>"; };
		5BF95FEA22D300D70048A062 /* MLCSeller.m */ = {isa = PBXFileReference; fileEncoding = 4; lastKnownFileType = sourcecode.c.objc; path = MLCSeller.m; sourceTree = "<group>"; };
		5BF95FEB22D300D70048A062 /* MLCLocation.m */ = {isa = PBXFileReference; fileEncoding = 4; lastKnownFileType = sourcecode.c.objc; path = MLCLocation.m; sourceTree = "<group>"; };
		5BF95FEF22D3015B0048A062 /* MLCConstants.m */ = {isa = PBXFileReference; fileEncoding = 4; lastKnownFileType = sourcecode.c.objc; path = MLCConstants.m; sourceTree = "<group>"; };
		5BF95FF022D3015B0048A062 /* MLCConstants.h */ = {isa = PBXFileReference; fileEncoding = 4; lastKnownFileType = sourcecode.c.h; path = MLCConstants.h; sourceTree = "<group>"; };
		5BF95FF222D307A40048A062 /* MLCQuantityFormatter.h */ = {isa = PBXFileReference; fileEncoding = 4; lastKnownFileType = sourcecode.c.h; lineEnding = 0; path = MLCQuantityFormatter.h; sourceTree = "<group>"; xcLanguageSpecificationIdentifier = xcode.lang.objcpp; };
		5BF95FF322D307A40048A062 /* MLCPriceFormatter.h */ = {isa = PBXFileReference; fileEncoding = 4; lastKnownFileType = sourcecode.c.h; lineEnding = 0; path = MLCPriceFormatter.h; sourceTree = "<group>"; xcLanguageSpecificationIdentifier = xcode.lang.objcpp; };
		5BF95FF422D307A40048A062 /* MLCQuantityFormatter.m */ = {isa = PBXFileReference; fileEncoding = 4; lastKnownFileType = sourcecode.c.objc; lineEnding = 0; path = MLCQuantityFormatter.m; sourceTree = "<group>"; xcLanguageSpecificationIdentifier = xcode.lang.objc; };
		5BF95FF522D307A40048A062 /* MLCPriceFormatter.m */ = {isa = PBXFileReference; fileEncoding = 4; lastKnownFileType = sourcecode.c.objc; lineEnding = 0; path = MLCPriceFormatter.m; sourceTree = "<group>"; xcLanguageSpecificationIdentifier = xcode.lang.objc; };
		5BF95FF822D308030048A062 /* MLCItemTableViewCell.h */ = {isa = PBXFileReference; fileEncoding = 4; lastKnownFileType = sourcecode.c.h; lineEnding = 0; path = MLCItemTableViewCell.h; sourceTree = "<group>"; xcLanguageSpecificationIdentifier = xcode.lang.objcpp; };
		5BF95FF922D308030048A062 /* MLCItemTableViewCell.m */ = {isa = PBXFileReference; fileEncoding = 4; lastKnownFileType = sourcecode.c.objc; lineEnding = 0; path = MLCItemTableViewCell.m; sourceTree = "<group>"; xcLanguageSpecificationIdentifier = xcode.lang.objc; };
		5BF95FFB22D3141A0048A062 /* ItemTests.m */ = {isa = PBXFileReference; fileEncoding = 4; lastKnownFileType = sourcecode.c.objc; path = ItemTests.m; sourceTree = "<group>"; };
		5BF95FFD22D3223B0048A062 /* SellerTests.m */ = {isa = PBXFileReference; fileEncoding = 4; lastKnownFileType = sourcecode.c.objc; path = SellerTests.m; sourceTree = "<group>"; };
		5BF95FFF22D325C00048A062 /* LocationTests.m */ = {isa = PBXFileReference; fileEncoding = 4; lastKnownFileType = sourcecode.c.objc; path = LocationTests.m; sourceTree = "<group>"; };
/* End PBXFileReference section */

/* Begin PBXFrameworksBuildPhase section */
		5BF95F9322D2CCDD0048A062 /* Frameworks */ = {
			isa = PBXFrameworksBuildPhase;
			buildActionMask = 2147483647;
			files = (
			);
			runOnlyForDeploymentPostprocessing = 0;
		};
		5BF95FAC22D2CCDE0048A062 /* Frameworks */ = {
			isa = PBXFrameworksBuildPhase;
			buildActionMask = 2147483647;
			files = (
			);
			runOnlyForDeploymentPostprocessing = 0;
		};
		5BF95FB722D2CCDE0048A062 /* Frameworks */ = {
			isa = PBXFrameworksBuildPhase;
			buildActionMask = 2147483647;
			files = (
			);
			runOnlyForDeploymentPostprocessing = 0;
		};
/* End PBXFrameworksBuildPhase section */

/* Begin PBXGroup section */
		5BEF479522D3B0F100D35599 /* Parsers */ = {
			isa = PBXGroup;
			children = (
				5BEF479622D3B0F100D35599 /* MLCItemParser.h */,
				5BEF479722D3B0F100D35599 /* MLCItemParser.m */,
				5BEF479822D3B0F100D35599 /* MLCItemsListParser.h */,
				5BEF479922D3B0F100D35599 /* MLCItemsListParser.m */,
				5BEF479A22D3B0F100D35599 /* MLCSellerParser.h */,
				5BEF479B22D3B0F100D35599 /* MLCSellerParser.m */,
			);
			path = Parsers;
			sourceTree = "<group>";
		};
		5BEF47A822D3D79000D35599 /* Resources */ = {
			isa = PBXGroup;
			children = (
				5BEF47A922D3D79000D35599 /* Parsing Tests */,
			);
			path = Resources;
			sourceTree = "<group>";
		};
		5BEF47A922D3D79000D35599 /* Parsing Tests */ = {
			isa = PBXGroup;
			children = (
				5BEF47C622D3FA2A00D35599 /* InvalidSeller.plist */,
				5BEF47C822D3FA4A00D35599 /* ValidSeller.plist */,
				5BEF47AE22D3D86B00D35599 /* ValidItem.plist */,
				5BEF47B422D3D93B00D35599 /* ValidItemDetail.plist */,
				5BEF47B022D3D8A800D35599 /* InvalidItem.plist */,
				5BEF47B622D3D95C00D35599 /* InvalidItemDetail.plist */,
				5BEF47BC22D3DA3B00D35599 /* ValidJSONData.json */,
				5BEF47BA22D3DA0400D35599 /* InvalidJSONData.json */,
			);
			name = "Parsing Tests";
			path = Parsing_Tests;
			sourceTree = "<group>";
		};
		5BF95F8D22D2CCDD0048A062 = {
			isa = PBXGroup;
			children = (
				5BF95F9822D2CCDD0048A062 /* MeliCandidate */,
				5BF95FCC22D2E4AC0048A062 /* README */,
				5BF95FB222D2CCDE0048A062 /* MeliCandidateTests */,
				5BF95FBD22D2CCDE0048A062 /* MeliCandidateUITests */,
				5BF95F9722D2CCDD0048A062 /* Products */,
			);
			sourceTree = "<group>";
		};
		5BF95F9722D2CCDD0048A062 /* Products */ = {
			isa = PBXGroup;
			children = (
				5BF95F9622D2CCDD0048A062 /* MeliCandidate.app */,
				5BF95FAF22D2CCDE0048A062 /* MeliCandidateTests.xctest */,
				5BF95FBA22D2CCDE0048A062 /* MeliCandidateUITests.xctest */,
			);
			name = Products;
			sourceTree = "<group>";
		};
		5BF95F9822D2CCDD0048A062 /* MeliCandidate */ = {
			isa = PBXGroup;
			children = (
				5BF95FCE22D2EAE70048A062 /* Classes */,
				5BF95F9C22D2CCDD0048A062 /* AppDelegate.h */,
				5BF95F9D22D2CCDD0048A062 /* AppDelegate.m */,
				5BF95F9F22D2CCDD0048A062 /* ViewController.h */,
				5BF95FA022D2CCDD0048A062 /* ViewController.m */,
				5BF95FF022D3015B0048A062 /* MLCConstants.h */,
				5BF95FEF22D3015B0048A062 /* MLCConstants.m */,
				5BF95FE322D2F3CF0048A062 /* MLCItemTableViewCell.xib */,
				5BF95FA222D2CCDD0048A062 /* Main.storyboard */,
				5BF95FA522D2CCDD0048A062 /* Assets.xcassets */,
				5BF95FA722D2CCDD0048A062 /* LaunchScreen.storyboard */,
				5BF95FAA22D2CCDD0048A062 /* Info.plist */,
				5BF95F9922D2CCDD0048A062 /* Supporting Files */,
			);
			path = MeliCandidate;
			sourceTree = "<group>";
		};
		5BF95F9922D2CCDD0048A062 /* Supporting Files */ = {
			isa = PBXGroup;
			children = (
				5BF95F9A22D2CCDD0048A062 /* main.m */,
			);
			name = "Supporting Files";
			sourceTree = "<group>";
		};
		5BF95FB222D2CCDE0048A062 /* MeliCandidateTests */ = {
			isa = PBXGroup;
			children = (
				5BF95FE222D2EBCD0048A062 /* Model Tests */,
				5BF95FE122D2EBCD0048A062 /* Controller Tests */,
				5BF95FE022D2EBCD0048A062 /* Service Tests */,
				5BF95FDF22D2EBCD0048A062 /* Parsing Tests */,
				5BF95FDE22D2EBCD0048A062 /* Performance Tests */,
				5BEF47A822D3D79000D35599 /* Resources */,
				5BF95FB522D2CCDE0048A062 /* Info.plist */,
			);
			path = MeliCandidateTests;
			sourceTree = "<group>";
		};
		5BF95FBD22D2CCDE0048A062 /* MeliCandidateUITests */ = {
			isa = PBXGroup;
			children = (
				5BF95FBE22D2CCDE0048A062 /* MeliCandidateUITests.m */,
				5BF95FC022D2CCDE0048A062 /* Info.plist */,
			);
			path = MeliCandidateUITests;
			sourceTree = "<group>";
		};
		5BF95FCE22D2EAE70048A062 /* Classes */ = {
			isa = PBXGroup;
			children = (
				5BF95FCF22D2EAE70048A062 /* Common */,
				5BF95FD922D2EAE70048A062 /* Search Items */,
				5BF95FD422D2EAE70048A062 /* Item Detail */,
			);
			path = Classes;
			sourceTree = "<group>";
		};
		5BF95FCF22D2EAE70048A062 /* Common */ = {
			isa = PBXGroup;
			children = (
				5BF95FD122D2EAE70048A062 /* Model */,
				5BF95FD322D2EAE70048A062 /* View */,
				5BF95FD022D2EAE70048A062 /* Controller */,
				5BF95FD222D2EAE70048A062 /* Service */,
			);
			path = Common;
			sourceTree = "<group>";
		};
		5BF95FD022D2EAE70048A062 /* Controller */ = {
			isa = PBXGroup;
			children = (
				5BEF47D322D446E900D35599 /* UIViewController+MLCCategory.h */,
				5BEF47D222D446E900D35599 /* UIViewController+MLCCategory.m */,
			);
			path = Controller;
			sourceTree = "<group>";
		};
		5BF95FD122D2EAE70048A062 /* Model */ = {
			isa = PBXGroup;
			children = (
				5BF95FE622D300D70048A062 /* MLCItem.h */,
				5BF95FE722D300D70048A062 /* MLCItem.m */,
				5BF95FE822D300D70048A062 /* MLCSeller.h */,
				5BF95FEA22D300D70048A062 /* MLCSeller.m */,
				5BF95FE922D300D70048A062 /* MLCLocation.h */,
				5BF95FEB22D300D70048A062 /* MLCLocation.m */,
			);
			path = Model;
			sourceTree = "<group>";
		};
		5BF95FD222D2EAE70048A062 /* Service */ = {
			isa = PBXGroup;
			children = (
			);
			path = Service;
			sourceTree = "<group>";
		};
		5BF95FD322D2EAE70048A062 /* View */ = {
			isa = PBXGroup;
			children = (
				5BF95FF222D307A40048A062 /* MLCQuantityFormatter.h */,
				5BF95FF422D307A40048A062 /* MLCQuantityFormatter.m */,
				5BF95FF322D307A40048A062 /* MLCPriceFormatter.h */,
				5BF95FF522D307A40048A062 /* MLCPriceFormatter.m */,
			);
			path = View;
			sourceTree = "<group>";
		};
		5BF95FD422D2EAE70048A062 /* Item Detail */ = {
			isa = PBXGroup;
			children = (
				5BF95FD622D2EAE70048A062 /* Model */,
				5BF95FD822D2EAE70048A062 /* View */,
				5BF95FD522D2EAE70048A062 /* Controller */,
				5BF95FD722D2EAE70048A062 /* Service */,
			);
			name = "Item Detail";
			path = Item_Detail;
			sourceTree = "<group>";
		};
		5BF95FD522D2EAE70048A062 /* Controller */ = {
			isa = PBXGroup;
			children = (
				5BEF47DC22D447CF00D35599 /* MLCItemDetailViewController.h */,
				5BEF47DB22D447CF00D35599 /* MLCItemDetailViewController.m */,
			);
			path = Controller;
			sourceTree = "<group>";
		};
		5BF95FD622D2EAE70048A062 /* Model */ = {
			isa = PBXGroup;
			children = (
			);
			path = Model;
			sourceTree = "<group>";
		};
		5BF95FD722D2EAE70048A062 /* Service */ = {
			isa = PBXGroup;
			children = (
				5BEF47A022D3B3F700D35599 /* MLCItemDetailService.h */,
				5BEF47A122D3B3F700D35599 /* MLCItemDetailService.m */,
				5BEF47A322D3B3F700D35599 /* MLCItemDetailParser.h */,
				5BEF47A222D3B3F700D35599 /* MLCItemDetailParser.m */,
			);
			path = Service;
			sourceTree = "<group>";
		};
		5BF95FD822D2EAE70048A062 /* View */ = {
			isa = PBXGroup;
			children = (
			);
			path = View;
			sourceTree = "<group>";
		};
		5BF95FD922D2EAE70048A062 /* Search Items */ = {
			isa = PBXGroup;
			children = (
				5BF95FDB22D2EAE70048A062 /* Model */,
				5BF95FDD22D2EAE70048A062 /* View */,
				5BF95FDA22D2EAE70048A062 /* Controller */,
				5BF95FDC22D2EAE70048A062 /* Service */,
			);
			name = "Search Items";
			path = Search_Items;
			sourceTree = "<group>";
		};
		5BF95FDA22D2EAE70048A062 /* Controller */ = {
			isa = PBXGroup;
			children = (
				5BEF47D722D4475A00D35599 /* MLCSearchItemsViewController.h */,
				5BEF47D522D4475A00D35599 /* MLCSearchItemsViewController.m */,
				5BEF47D822D4475A00D35599 /* MLCItemsTableViewDataSource.h */,
				5BEF47D622D4475A00D35599 /* MLCItemsTableViewDataSource.m */,
			);
			path = Controller;
			sourceTree = "<group>";
		};
		5BF95FDB22D2EAE70048A062 /* Model */ = {
			isa = PBXGroup;
			children = (
			);
			path = Model;
			sourceTree = "<group>";
		};
		5BF95FDC22D2EAE70048A062 /* Service */ = {
			isa = PBXGroup;
			children = (
				5BEF479322D3B0F000D35599 /* MLCSearchItemsService.h */,
				5BEF479422D3B0F100D35599 /* MLCSearchItemsService.m */,
				5BEF479522D3B0F100D35599 /* Parsers */,
			);
			path = Service;
			sourceTree = "<group>";
		};
		5BF95FDD22D2EAE70048A062 /* View */ = {
			isa = PBXGroup;
			children = (
				5BF95FF822D308030048A062 /* MLCItemTableViewCell.h */,
				5BF95FF922D308030048A062 /* MLCItemTableViewCell.m */,
			);
			path = View;
			sourceTree = "<group>";
		};
		5BF95FDE22D2EBCD0048A062 /* Performance Tests */ = {
			isa = PBXGroup;
			children = (
				5BEF479122D3992D00D35599 /* FormatterTests.m */,
				5BEF47D022D43D3300D35599 /* ItemsListsParserPerfomanceTests.m */,
			);
			name = "Performance Tests";
			path = Performance_Tests;
			sourceTree = "<group>";
		};
		5BF95FDF22D2EBCD0048A062 /* Parsing Tests */ = {
			isa = PBXGroup;
			children = (
				5BEF47C422D3E05B00D35599 /* ParserTests.m */,
				5BEF47CE22D436E100D35599 /* ItemsListParserTests.m */,
			);
			name = "Parsing Tests";
			path = Parsing_Tests;
			sourceTree = "<group>";
		};
		5BF95FE022D2EBCD0048A062 /* Service Tests */ = {
			isa = PBXGroup;
			children = (
				5BEF47CC22D40F9600D35599 /* SearchItemsServiceTests.m */,
			);
			name = "Service Tests";
			path = Service_Tests;
			sourceTree = "<group>";
		};
		5BF95FE122D2EBCD0048A062 /* Controller Tests */ = {
			isa = PBXGroup;
			children = (
				5B7D36C622D45DE600EA0546 /* SearchItemsViewControllerTests.m */,
			);
			name = "Controller Tests";
			path = Controller_Tests;
			sourceTree = "<group>";
		};
		5BF95FE222D2EBCD0048A062 /* Model Tests */ = {
			isa = PBXGroup;
			children = (
				5BF95FFB22D3141A0048A062 /* ItemTests.m */,
				5BF95FFD22D3223B0048A062 /* SellerTests.m */,
				5BF95FFF22D325C00048A062 /* LocationTests.m */,
			);
			name = "Model Tests";
			path = Model_Tests;
			sourceTree = "<group>";
		};
/* End PBXGroup section */

/* Begin PBXNativeTarget section */
		5BF95F9522D2CCDD0048A062 /* MeliCandidate */ = {
			isa = PBXNativeTarget;
			buildConfigurationList = 5BF95FC322D2CCDE0048A062 /* Build configuration list for PBXNativeTarget "MeliCandidate" */;
			buildPhases = (
				5BF95F9222D2CCDD0048A062 /* Sources */,
				5BF95F9322D2CCDD0048A062 /* Frameworks */,
				5BF95F9422D2CCDD0048A062 /* Resources */,
			);
			buildRules = (
			);
			dependencies = (
			);
			name = MeliCandidate;
			productName = MeliCandidate;
			productReference = 5BF95F9622D2CCDD0048A062 /* MeliCandidate.app */;
			productType = "com.apple.product-type.application";
		};
		5BF95FAE22D2CCDE0048A062 /* MeliCandidateTests */ = {
			isa = PBXNativeTarget;
			buildConfigurationList = 5BF95FC622D2CCDE0048A062 /* Build configuration list for PBXNativeTarget "MeliCandidateTests" */;
			buildPhases = (
				5BF95FAB22D2CCDE0048A062 /* Sources */,
				5BF95FAC22D2CCDE0048A062 /* Frameworks */,
				5BF95FAD22D2CCDE0048A062 /* Resources */,
			);
			buildRules = (
			);
			dependencies = (
				5BF95FB122D2CCDE0048A062 /* PBXTargetDependency */,
			);
			name = MeliCandidateTests;
			productName = MeliCandidateTests;
			productReference = 5BF95FAF22D2CCDE0048A062 /* MeliCandidateTests.xctest */;
			productType = "com.apple.product-type.bundle.unit-test";
		};
		5BF95FB922D2CCDE0048A062 /* MeliCandidateUITests */ = {
			isa = PBXNativeTarget;
			buildConfigurationList = 5BF95FC922D2CCDE0048A062 /* Build configuration list for PBXNativeTarget "MeliCandidateUITests" */;
			buildPhases = (
				5BF95FB622D2CCDE0048A062 /* Sources */,
				5BF95FB722D2CCDE0048A062 /* Frameworks */,
				5BF95FB822D2CCDE0048A062 /* Resources */,
			);
			buildRules = (
			);
			dependencies = (
				5BF95FBC22D2CCDE0048A062 /* PBXTargetDependency */,
			);
			name = MeliCandidateUITests;
			productName = MeliCandidateUITests;
			productReference = 5BF95FBA22D2CCDE0048A062 /* MeliCandidateUITests.xctest */;
			productType = "com.apple.product-type.bundle.ui-testing";
		};
/* End PBXNativeTarget section */

/* Begin PBXProject section */
		5BF95F8E22D2CCDD0048A062 /* Project object */ = {
			isa = PBXProject;
			attributes = {
				LastUpgradeCheck = 0820;
				ORGANIZATIONNAME = "Martha Castillo";
				TargetAttributes = {
					5BF95F9522D2CCDD0048A062 = {
						CreatedOnToolsVersion = 8.2.1;
						ProvisioningStyle = Manual;
					};
					5BF95FAE22D2CCDE0048A062 = {
						CreatedOnToolsVersion = 8.2.1;
						ProvisioningStyle = Automatic;
						TestTargetID = 5BF95F9522D2CCDD0048A062;
					};
					5BF95FB922D2CCDE0048A062 = {
						CreatedOnToolsVersion = 8.2.1;
						ProvisioningStyle = Automatic;
						TestTargetID = 5BF95F9522D2CCDD0048A062;
					};
				};
			};
			buildConfigurationList = 5BF95F9122D2CCDD0048A062 /* Build configuration list for PBXProject "MeliCandidate" */;
			compatibilityVersion = "Xcode 3.2";
			developmentRegion = English;
			hasScannedForEncodings = 0;
			knownRegions = (
				en,
				Base,
			);
			mainGroup = 5BF95F8D22D2CCDD0048A062;
			productRefGroup = 5BF95F9722D2CCDD0048A062 /* Products */;
			projectDirPath = "";
			projectRoot = "";
			targets = (
				5BF95F9522D2CCDD0048A062 /* MeliCandidate */,
				5BF95FAE22D2CCDE0048A062 /* MeliCandidateTests */,
				5BF95FB922D2CCDE0048A062 /* MeliCandidateUITests */,
			);
		};
/* End PBXProject section */

/* Begin PBXResourcesBuildPhase section */
		5BF95F9422D2CCDD0048A062 /* Resources */ = {
			isa = PBXResourcesBuildPhase;
			buildActionMask = 2147483647;
			files = (
				5BF95FE522D2F3CF0048A062 /* MLCItemTableViewCell.xib in Resources */,
				5BF95FCD22D2E4AC0048A062 /* README in Resources */,
				5BF95FA922D2CCDD0048A062 /* LaunchScreen.storyboard in Resources */,
				5BF95FA622D2CCDD0048A062 /* Assets.xcassets in Resources */,
				5BF95FA422D2CCDD0048A062 /* Main.storyboard in Resources */,
			);
			runOnlyForDeploymentPostprocessing = 0;
		};
		5BF95FAD22D2CCDE0048A062 /* Resources */ = {
			isa = PBXResourcesBuildPhase;
			buildActionMask = 2147483647;
			files = (
				5BEF47BD22D3DA3B00D35599 /* ValidJSONData.json in Resources */,
				5BEF47BB22D3DA0400D35599 /* InvalidJSONData.json in Resources */,
				5BEF47C922D3FA4A00D35599 /* ValidSeller.plist in Resources */,
				5BEF47AF22D3D86B00D35599 /* ValidItem.plist in Resources */,
				5BEF47C722D3FA2A00D35599 /* InvalidSeller.plist in Resources */,
				5BEF47B522D3D93B00D35599 /* ValidItemDetail.plist in Resources */,
				5BEF47B722D3D95C00D35599 /* InvalidItemDetail.plist in Resources */,
				5BEF47B122D3D8A800D35599 /* InvalidItem.plist in Resources */,
			);
			runOnlyForDeploymentPostprocessing = 0;
		};
		5BF95FB822D2CCDE0048A062 /* Resources */ = {
			isa = PBXResourcesBuildPhase;
			buildActionMask = 2147483647;
			files = (
			);
			runOnlyForDeploymentPostprocessing = 0;
		};
/* End PBXResourcesBuildPhase section */

/* Begin PBXSourcesBuildPhase section */
		5BF95F9222D2CCDD0048A062 /* Sources */ = {
			isa = PBXSourcesBuildPhase;
			buildActionMask = 2147483647;
			files = (
				5BEF479C22D3B0F100D35599 /* MLCSearchItemsService.m in Sources */,
				5BF95FF622D307A40048A062 /* MLCQuantityFormatter.m in Sources */,
				5BF95FED22D300D70048A062 /* MLCSeller.m in Sources */,
				5BF95FF122D3015B0048A062 /* MLCConstants.m in Sources */,
				5BF95FF722D307A40048A062 /* MLCPriceFormatter.m in Sources */,
				5BEF47DD22D447CF00D35599 /* MLCItemDetailViewController.m in Sources */,
				5BF95FA122D2CCDD0048A062 /* ViewController.m in Sources */,
				5BEF479D22D3B0F100D35599 /* MLCItemParser.m in Sources */,
				5BEF47DA22D4475A00D35599 /* MLCItemsTableViewDataSource.m in Sources */,
				5BF95F9E22D2CCDD0048A062 /* AppDelegate.m in Sources */,
				5BF95FEE22D300D70048A062 /* MLCLocation.m in Sources */,
				5BF95F9B22D2CCDD0048A062 /* main.m in Sources */,
				5BEF47D922D4475A00D35599 /* MLCSearchItemsViewController.m in Sources */,
				5BEF47A422D3B3F700D35599 /* MLCItemDetailService.m in Sources */,
				5BEF47A522D3B3F700D35599 /* MLCItemDetailParser.m in Sources */,
				5BF95FEC22D300D70048A062 /* MLCItem.m in Sources */,
				5BEF479E22D3B0F100D35599 /* MLCItemsListParser.m in Sources */,
				5BEF479F22D3B0F100D35599 /* MLCSellerParser.m in Sources */,
				5BEF47D422D446E900D35599 /* UIViewController+MLCCategory.m in Sources */,
				5BF95FFA22D308030048A062 /* MLCItemTableViewCell.m in Sources */,
			);
			runOnlyForDeploymentPostprocessing = 0;
		};
		5BF95FAB22D2CCDE0048A062 /* Sources */ = {
			isa = PBXSourcesBuildPhase;
			buildActionMask = 2147483647;
			files = (
				5BEF47CD22D40F9600D35599 /* SearchItemsServiceTests.m in Sources */,
				5BF95FFE22D3223B0048A062 /* SellerTests.m in Sources */,
				5BF95FFC22D3141A0048A062 /* ItemTests.m in Sources */,
				5BF9600022D325C00048A062 /* LocationTests.m in Sources */,
				5BEF47C522D3E05B00D35599 /* ParserTests.m in Sources */,
				5BEF47CF22D436E100D35599 /* ItemsListParserTests.m in Sources */,
				5BEF479222D3992D00D35599 /* FormatterTests.m in Sources */,
				5B7D36C722D45DE600EA0546 /* SearchItemsViewControllerTests.m in Sources */,
				5BEF47D122D43D3300D35599 /* ItemsListsParserPerfomanceTests.m in Sources */,
			);
			runOnlyForDeploymentPostprocessing = 0;
		};
		5BF95FB622D2CCDE0048A062 /* Sources */ = {
			isa = PBXSourcesBuildPhase;
			buildActionMask = 2147483647;
			files = (
				5BF95FBF22D2CCDE0048A062 /* MeliCandidateUITests.m in Sources */,
			);
			runOnlyForDeploymentPostprocessing = 0;
		};
/* End PBXSourcesBuildPhase section */

/* Begin PBXTargetDependency section */
		5BF95FB122D2CCDE0048A062 /* PBXTargetDependency */ = {
			isa = PBXTargetDependency;
			target = 5BF95F9522D2CCDD0048A062 /* MeliCandidate */;
			targetProxy = 5BF95FB022D2CCDE0048A062 /* PBXContainerItemProxy */;
		};
		5BF95FBC22D2CCDE0048A062 /* PBXTargetDependency */ = {
			isa = PBXTargetDependency;
			target = 5BF95F9522D2CCDD0048A062 /* MeliCandidate */;
			targetProxy = 5BF95FBB22D2CCDE0048A062 /* PBXContainerItemProxy */;
		};
/* End PBXTargetDependency section */

/* Begin PBXVariantGroup section */
		5BF95FA222D2CCDD0048A062 /* Main.storyboard */ = {
			isa = PBXVariantGroup;
			children = (
				5BF95FA322D2CCDD0048A062 /* Base */,
			);
			name = Main.storyboard;
			sourceTree = "<group>";
		};
		5BF95FA722D2CCDD0048A062 /* LaunchScreen.storyboard */ = {
			isa = PBXVariantGroup;
			children = (
				5BF95FA822D2CCDD0048A062 /* Base */,
			);
			name = LaunchScreen.storyboard;
			sourceTree = "<group>";
		};
		5BF95FE322D2F3CF0048A062 /* MLCItemTableViewCell.xib */ = {
			isa = PBXVariantGroup;
			children = (
				5BF95FE422D2F3CF0048A062 /* Base */,
			);
			name = MLCItemTableViewCell.xib;
			sourceTree = "<group>";
		};
/* End PBXVariantGroup section */

/* Begin XCBuildConfiguration section */
		5BF95FC122D2CCDE0048A062 /* Debug */ = {
			isa = XCBuildConfiguration;
			buildSettings = {
				ALWAYS_SEARCH_USER_PATHS = NO;
				CLANG_ANALYZER_NONNULL = YES;
				CLANG_CXX_LANGUAGE_STANDARD = "gnu++0x";
				CLANG_CXX_LIBRARY = "libc++";
				CLANG_ENABLE_MODULES = YES;
				CLANG_ENABLE_OBJC_ARC = YES;
				CLANG_WARN_BOOL_CONVERSION = YES;
				CLANG_WARN_CONSTANT_CONVERSION = YES;
				CLANG_WARN_DIRECT_OBJC_ISA_USAGE = YES_ERROR;
				CLANG_WARN_DOCUMENTATION_COMMENTS = YES;
				CLANG_WARN_EMPTY_BODY = YES;
				CLANG_WARN_ENUM_CONVERSION = YES;
				CLANG_WARN_INFINITE_RECURSION = YES;
				CLANG_WARN_INT_CONVERSION = YES;
				CLANG_WARN_OBJC_ROOT_CLASS = YES_ERROR;
				CLANG_WARN_SUSPICIOUS_MOVE = YES;
				CLANG_WARN_UNREACHABLE_CODE = YES;
				CLANG_WARN__DUPLICATE_METHOD_MATCH = YES;
				"CODE_SIGN_IDENTITY[sdk=iphoneos*]" = "iPhone Developer";
				COPY_PHASE_STRIP = NO;
				DEBUG_INFORMATION_FORMAT = dwarf;
				ENABLE_STRICT_OBJC_MSGSEND = YES;
				ENABLE_TESTABILITY = YES;
				GCC_C_LANGUAGE_STANDARD = gnu99;
				GCC_DYNAMIC_NO_PIC = NO;
				GCC_NO_COMMON_BLOCKS = YES;
				GCC_OPTIMIZATION_LEVEL = 0;
				GCC_PREPROCESSOR_DEFINITIONS = (
					"DEBUG=1",
					"$(inherited)",
				);
				GCC_WARN_64_TO_32_BIT_CONVERSION = YES;
				GCC_WARN_ABOUT_RETURN_TYPE = YES_ERROR;
				GCC_WARN_UNDECLARED_SELECTOR = YES;
				GCC_WARN_UNINITIALIZED_AUTOS = YES_AGGRESSIVE;
				GCC_WARN_UNUSED_FUNCTION = YES;
				GCC_WARN_UNUSED_VARIABLE = YES;
				IPHONEOS_DEPLOYMENT_TARGET = 10.2;
				MTL_ENABLE_DEBUG_INFO = YES;
				ONLY_ACTIVE_ARCH = YES;
				SDKROOT = iphoneos;
			};
			name = Debug;
		};
		5BF95FC222D2CCDE0048A062 /* Release */ = {
			isa = XCBuildConfiguration;
			buildSettings = {
				ALWAYS_SEARCH_USER_PATHS = NO;
				CLANG_ANALYZER_NONNULL = YES;
				CLANG_CXX_LANGUAGE_STANDARD = "gnu++0x";
				CLANG_CXX_LIBRARY = "libc++";
				CLANG_ENABLE_MODULES = YES;
				CLANG_ENABLE_OBJC_ARC = YES;
				CLANG_WARN_BOOL_CONVERSION = YES;
				CLANG_WARN_CONSTANT_CONVERSION = YES;
				CLANG_WARN_DIRECT_OBJC_ISA_USAGE = YES_ERROR;
				CLANG_WARN_DOCUMENTATION_COMMENTS = YES;
				CLANG_WARN_EMPTY_BODY = YES;
				CLANG_WARN_ENUM_CONVERSION = YES;
				CLANG_WARN_INFINITE_RECURSION = YES;
				CLANG_WARN_INT_CONVERSION = YES;
				CLANG_WARN_OBJC_ROOT_CLASS = YES_ERROR;
				CLANG_WARN_SUSPICIOUS_MOVE = YES;
				CLANG_WARN_UNREACHABLE_CODE = YES;
				CLANG_WARN__DUPLICATE_METHOD_MATCH = YES;
				"CODE_SIGN_IDENTITY[sdk=iphoneos*]" = "iPhone Developer";
				COPY_PHASE_STRIP = NO;
				DEBUG_INFORMATION_FORMAT = "dwarf-with-dsym";
				ENABLE_NS_ASSERTIONS = NO;
				ENABLE_STRICT_OBJC_MSGSEND = YES;
				GCC_C_LANGUAGE_STANDARD = gnu99;
				GCC_NO_COMMON_BLOCKS = YES;
				GCC_WARN_64_TO_32_BIT_CONVERSION = YES;
				GCC_WARN_ABOUT_RETURN_TYPE = YES_ERROR;
				GCC_WARN_UNDECLARED_SELECTOR = YES;
				GCC_WARN_UNINITIALIZED_AUTOS = YES_AGGRESSIVE;
				GCC_WARN_UNUSED_FUNCTION = YES;
				GCC_WARN_UNUSED_VARIABLE = YES;
				IPHONEOS_DEPLOYMENT_TARGET = 10.2;
				MTL_ENABLE_DEBUG_INFO = NO;
				SDKROOT = iphoneos;
				VALIDATE_PRODUCT = YES;
			};
			name = Release;
		};
		5BF95FC422D2CCDE0048A062 /* Debug */ = {
			isa = XCBuildConfiguration;
			buildSettings = {
				ASSETCATALOG_COMPILER_APPICON_NAME = AppIcon;
				DEVELOPMENT_TEAM = "";
				INFOPLIST_FILE = MeliCandidate/Info.plist;
				LD_RUNPATH_SEARCH_PATHS = "$(inherited) @executable_path/Frameworks";
				PRODUCT_BUNDLE_IDENTIFIER = com.company.MeliCandidate;
				PRODUCT_NAME = "$(TARGET_NAME)";
			};
			name = Debug;
		};
		5BF95FC522D2CCDE0048A062 /* Release */ = {
			isa = XCBuildConfiguration;
			buildSettings = {
				ASSETCATALOG_COMPILER_APPICON_NAME = AppIcon;
				DEVELOPMENT_TEAM = "";
				INFOPLIST_FILE = MeliCandidate/Info.plist;
				LD_RUNPATH_SEARCH_PATHS = "$(inherited) @executable_path/Frameworks";
				PRODUCT_BUNDLE_IDENTIFIER = com.company.MeliCandidate;
				PRODUCT_NAME = "$(TARGET_NAME)";
			};
			name = Release;
		};
		5BF95FC722D2CCDE0048A062 /* Debug */ = {
			isa = XCBuildConfiguration;
			buildSettings = {
				BUNDLE_LOADER = "$(TEST_HOST)";
				INFOPLIST_FILE = MeliCandidateTests/Info.plist;
				LD_RUNPATH_SEARCH_PATHS = "$(inherited) @executable_path/Frameworks @loader_path/Frameworks";
				PRODUCT_BUNDLE_IDENTIFIER = com.company.MeliCandidateTests;
				PRODUCT_NAME = "$(TARGET_NAME)";
				TEST_HOST = "$(BUILT_PRODUCTS_DIR)/MeliCandidate.app/MeliCandidate";
			};
			name = Debug;
		};
		5BF95FC822D2CCDE0048A062 /* Release */ = {
			isa = XCBuildConfiguration;
			buildSettings = {
				BUNDLE_LOADER = "$(TEST_HOST)";
				INFOPLIST_FILE = MeliCandidateTests/Info.plist;
				LD_RUNPATH_SEARCH_PATHS = "$(inherited) @executable_path/Frameworks @loader_path/Frameworks";
				PRODUCT_BUNDLE_IDENTIFIER = com.company.MeliCandidateTests;
				PRODUCT_NAME = "$(TARGET_NAME)";
				TEST_HOST = "$(BUILT_PRODUCTS_DIR)/MeliCandidate.app/MeliCandidate";
			};
			name = Release;
		};
		5BF95FCA22D2CCDE0048A062 /* Debug */ = {
			isa = XCBuildConfiguration;
			buildSettings = {
				INFOPLIST_FILE = MeliCandidateUITests/Info.plist;
				LD_RUNPATH_SEARCH_PATHS = "$(inherited) @executable_path/Frameworks @loader_path/Frameworks";
				PRODUCT_BUNDLE_IDENTIFIER = com.company.MeliCandidateUITests;
				PRODUCT_NAME = "$(TARGET_NAME)";
				TEST_TARGET_NAME = MeliCandidate;
			};
			name = Debug;
		};
		5BF95FCB22D2CCDE0048A062 /* Release */ = {
			isa = XCBuildConfiguration;
			buildSettings = {
				INFOPLIST_FILE = MeliCandidateUITests/Info.plist;
				LD_RUNPATH_SEARCH_PATHS = "$(inherited) @executable_path/Frameworks @loader_path/Frameworks";
				PRODUCT_BUNDLE_IDENTIFIER = com.company.MeliCandidateUITests;
				PRODUCT_NAME = "$(TARGET_NAME)";
				TEST_TARGET_NAME = MeliCandidate;
			};
			name = Release;
		};
/* End XCBuildConfiguration section */

/* Begin XCConfigurationList section */
		5BF95F9122D2CCDD0048A062 /* Build configuration list for PBXProject "MeliCandidate" */ = {
			isa = XCConfigurationList;
			buildConfigurations = (
				5BF95FC122D2CCDE0048A062 /* Debug */,
				5BF95FC222D2CCDE0048A062 /* Release */,
			);
			defaultConfigurationIsVisible = 0;
			defaultConfigurationName = Release;
		};
		5BF95FC322D2CCDE0048A062 /* Build configuration list for PBXNativeTarget "MeliCandidate" */ = {
			isa = XCConfigurationList;
			buildConfigurations = (
				5BF95FC422D2CCDE0048A062 /* Debug */,
				5BF95FC522D2CCDE0048A062 /* Release */,
			);
			defaultConfigurationIsVisible = 0;
			defaultConfigurationName = Release;
		};
		5BF95FC622D2CCDE0048A062 /* Build configuration list for PBXNativeTarget "MeliCandidateTests" */ = {
			isa = XCConfigurationList;
			buildConfigurations = (
				5BF95FC722D2CCDE0048A062 /* Debug */,
				5BF95FC822D2CCDE0048A062 /* Release */,
			);
			defaultConfigurationIsVisible = 0;
			defaultConfigurationName = Release;
		};
		5BF95FC922D2CCDE0048A062 /* Build configuration list for PBXNativeTarget "MeliCandidateUITests" */ = {
			isa = XCConfigurationList;
			buildConfigurations = (
				5BF95FCA22D2CCDE0048A062 /* Debug */,
				5BF95FCB22D2CCDE0048A062 /* Release */,
			);
			defaultConfigurationIsVisible = 0;
			defaultConfigurationName = Release;
		};
/* End XCConfigurationList section */
	};
	rootObject = 5BF95F8E22D2CCDD0048A062 /* Project object */;
}
